lockfileVersion: '9.0'

settings:
  autoInstallPeers: true
  excludeLinksFromLockfile: false

importers:

  .:
    dependencies:
      '@mapbox/geojson-area':
        specifier: ^0.2.2
        version: 0.2.2
      '@mapbox/geojson-normalize':
        specifier: ^0.0.1
        version: 0.0.1
      '@mapbox/point-geometry':
        specifier: ^1.1.0
        version: 1.1.0
      '@types/geojson':
        specifier: ^7946.0.16
        version: 7946.0.16
      fast-deep-equal:
        specifier: ^3.1.3
        version: 3.1.3
      nanoid:
        specifier: ^5.0.9
        version: 5.1.5
    devDependencies:
      '@turf/bbox-clip':
        specifier: ^7.2.0
        version: 7.2.0
      '@turf/centroid':
        specifier: ^7.2.0
        version: 7.2.0
      '@types/mapbox__geojson-area':
        specifier: ^0.2.6
        version: 0.2.6
      '@types/node':
        specifier: ^20.19.2
        version: 20.19.2
      maplibre-gl:
        specifier: ^5.7.0
        version: 5.7.1
      mock-browser:
        specifier: ^0.92.14
        version: 0.92.14
      sinon:
        specifier: ^21.0.0
        version: 21.0.0
      synthetic-dom-events:
        specifier: ^0.3.0
        version: 0.3.0

packages:

  '@mapbox/geojson-area@0.2.2':
    resolution: {integrity: sha512-bBqqFn1kIbLBfn7Yq1PzzwVkPYQr9lVUeT8Dhd0NL5n76PBuXzOcuLV7GOSbEB1ia8qWxH4COCvFpziEu/yReA==}

  '@mapbox/geojson-normalize@0.0.1':
    resolution: {integrity: sha512-82V7YHcle8lhgIGqEWwtXYN5cy0QM/OHq3ypGhQTbvHR57DF0vMHMjjVSQKFfVXBe/yWCBZTyOuzvK7DFFnx5Q==}
    hasBin: true

  '@mapbox/geojson-rewind@0.5.2':
    resolution: {integrity: sha512-tJaT+RbYGJYStt7wI3cq4Nl4SXxG8W7JDG5DMJu97V25RnbNg3QtQtf+KD+VLjNpWKYsRvXDNmNrBgEETr1ifA==}
    hasBin: true

  '@mapbox/jsonlint-lines-primitives@2.0.2':
    resolution: {integrity: sha512-rY0o9A5ECsTQRVhv7tL/OyDpGAoUB4tTvLiW1DSzQGq4bvTPhNw1VpSNjDJc5GFZ2XuyOtSWSVN05qOtcD71qQ==}
    engines: {node: '>= 0.6'}

  '@mapbox/point-geometry@1.1.0':
    resolution: {integrity: sha512-YGcBz1cg4ATXDCM/71L9xveh4dynfGmcLDqufR+nQQy3fKwsAZsWd/x4621/6uJaeB9mwOHE6hPeDgXz9uViUQ==}

  '@mapbox/tiny-sdf@2.0.7':
    resolution: {integrity: sha512-25gQLQMcpivjOSA40g3gO6qgiFPDpWRoMfd+G/GoppPIeP6JDaMMkMrEJnMZhKyyS6iKwVt5YKu02vCUyJM3Ug==}

  '@mapbox/unitbezier@0.0.1':
    resolution: {integrity: sha512-nMkuDXFv60aBr9soUG5q+GvZYL+2KZHVvsqFCzqnkGEf46U2fvmytHaEVc1/YZbiLn8X+eR3QzX1+dwDO1lxlw==}

  '@mapbox/vector-tile@2.0.4':
    resolution: {integrity: sha512-AkOLcbgGTdXScosBWwmmD7cDlvOjkg/DetGva26pIRiZPdeJYjYKarIlb4uxVzi6bwHO6EWH82eZ5Nuv4T5DUg==}

  '@mapbox/whoots-js@3.1.0':
    resolution: {integrity: sha512-Es6WcD0nO5l+2BOQS4uLfNPYQaNDfbot3X1XUoloz+x0mPDS3eeORZJl06HXjwBG1fOGwCRnzK88LMdxKRrd6Q==}
    engines: {node: '>=6.0.0'}

  '@maplibre/maplibre-gl-style-spec@23.3.0':
    resolution: {integrity: sha512-IGJtuBbaGzOUgODdBRg66p8stnwj9iDXkgbYKoYcNiiQmaez5WVRfXm4b03MCDwmZyX93csbfHFWEJJYHnn5oA==}
    hasBin: true

  '@maplibre/vt-pbf@4.0.3':
    resolution: {integrity: sha512-YsW99BwnT+ukJRkseBcLuZHfITB4puJoxnqPVjo72rhW/TaawVYsgQHcqWLzTxqknttYoDpgyERzWSa/XrETdA==}

  '@sinonjs/commons@3.0.1':
    resolution: {integrity: sha512-K3mCHKQ9sVh8o1C9cxkwxaOmXoAMlDxC1mYyHrjqOWEcBjYr76t96zL2zlj5dUGZ3HSw240X1qgH3Mjf1yJWpQ==}

  '@sinonjs/fake-timers@13.0.5':
    resolution: {integrity: sha512-36/hTbH2uaWuGVERyC6da9YwGWnzUZXuPro/F2LfsdOsLnCojz/iSH8MxUt/FD2S5XBSVPhmArFUXcpCQ2Hkiw==}

  '@sinonjs/samsam@8.0.3':
    resolution: {integrity: sha512-hw6HbX+GyVZzmaYNh82Ecj1vdGZrqVIn/keDTg63IgAwiQPO+xCz99uG6Woqgb4tM0mUiFENKZ4cqd7IX94AXQ==}

  '@turf/bbox-clip@7.2.0':
    resolution: {integrity: sha512-q6RXTpqeUQAYLAieUL1n3J6ukRGsNVDOqcYtfzaJbPW+0VsAf+1cI16sN700t0sekbeU1DH/RRVAHhpf8+36wA==}

  '@turf/centroid@7.2.0':
    resolution: {integrity: sha512-yJqDSw25T7P48au5KjvYqbDVZ7qVnipziVfZ9aSo7P2/jTE7d4BP21w0/XLi3T/9bry/t9PR1GDDDQljN4KfDw==}

  '@turf/helpers@7.2.0':
    resolution: {integrity: sha512-cXo7bKNZoa7aC7ydLmUR02oB3IgDe7MxiPuRz3cCtYQHn+BJ6h1tihmamYDWWUlPHgSNF0i3ATc4WmDECZafKw==}

  '@turf/invariant@7.2.0':
    resolution: {integrity: sha512-kV4u8e7Gkpq+kPbAKNC21CmyrXzlbBgFjO1PhrHPgEdNqXqDawoZ3i6ivE3ULJj2rSesCjduUaC/wyvH/sNr2Q==}

  '@turf/meta@7.2.0':
    resolution: {integrity: sha512-igzTdHsQc8TV1RhPuOLVo74Px/hyPrVgVOTgjWQZzt3J9BVseCdpfY/0cJBdlSRI4S/yTmmHl7gAqjhpYH5Yaw==}

  '@types/geojson-vt@3.2.5':
    resolution: {integrity: sha512-qDO7wqtprzlpe8FfQ//ClPV9xiuoh2nkIgiouIptON9w5jvD/fA4szvP9GBlDVdJ5dldAl0kX/sy3URbWwLx0g==}

  '@types/geojson@7946.0.16':
    resolution: {integrity: sha512-6C8nqWur3j98U6+lXDfTUWIfgvZU+EumvpHKcYjujKH7woYyLj2sUmff0tRhrqM7BohUw7Pz3ZB1jj2gW9Fvmg==}

  '@types/mapbox__geojson-area@0.2.6':
    resolution: {integrity: sha512-Fs4BRS9zalj1lE+gm5d1Fu0kS+C7HWkH3zC5Iuq8QFBjxo9aAIm0dCHGy7Xtt/xI/jlEEf6SWU0LXkGMQZhIqA==}

  '@types/node@20.19.2':
    resolution: {integrity: sha512-9pLGGwdzOUBDYi0GNjM97FIA+f92fqSke6joWeBjWXllfNxZBs7qeMF7tvtOIsbY45xkWkxrdwUfUf3MnQa9gA==}

  '@types/supercluster@7.1.3':
    resolution: {integrity: sha512-Z0pOY34GDFl3Q6hUFYf3HkTwKEE02e7QgtJppBt+beEAxnyOpJua+voGFvxINBHa06GwLFFym7gRPY2SiKIfIA==}

  abab@1.0.4:
    resolution: {integrity: sha512-I+Wi+qiE2kUXyrRhNsWv6XsjUTBJjSoVSctKNBfLG5zG/Xe7Rjbxf13+vqYHNTwHaFU+FtSlVxOCTiMEVtPv0A==}
    deprecated: Use your platform's native atob() and btoa() methods instead

  acorn-globals@3.1.0:
    resolution: {integrity: sha512-uWttZCk96+7itPxK8xCzY86PnxKTMrReKDqrHzv42VQY0K30PUO8WY13WMOuI+cOdX4EIdzdvQ8k6jkuGRFMYw==}

  acorn@4.0.13:
    resolution: {integrity: sha512-fu2ygVGuMmlzG8ZeRJ0bvR41nsAkxxhbyk8bZ1SS521Z7vmgJFTQQlfz/Mp/nJexGBz+v8sC9bM6+lNgskt4Ug==}
    engines: {node: '>=0.4.0'}
    hasBin: true

  ajv@6.12.6:
    resolution: {integrity: sha512-j3fVLgvTo527anyYyJOGTYJbG+vnnQYvE0m5mmkc1TK+nxAppkCLMIL0aZ4dblVCNoGShhm+kzE4ZUykBoMg4g==}

  array-equal@1.0.2:
    resolution: {integrity: sha512-gUHx76KtnhEgB3HOuFYiCm3FIdEs6ocM2asHvNTkfu/Y09qQVrrVVaOKENmS2KkSaGoxgXNqC+ZVtR/n0MOkSA==}

  asn1@0.2.6:
    resolution: {integrity: sha512-ix/FxPn0MDjeyJ7i/yoHGFt/EX6LyNbxSEhPPXODPL+KB0VPk86UYfL0lMdy+KCnv+fmvIzySwaK5COwqVbWTQ==}

  assert-plus@1.0.0:
    resolution: {integrity: sha512-NfJ4UzBCcQGLDlQq7nHxH+tv3kyZ0hHQqF5BO6J7tNJeP5do1llPr8dZ8zHonfhAu0PHAdMkSo+8o0wxg9lZWw==}
    engines: {node: '>=0.8'}

  asynckit@0.4.0:
    resolution: {integrity: sha512-Oei9OH4tRh0YqU3GxhX79dM/mwVgvbZJaSNaRk+bshkj0S5cfHcgYakreBjrHwatXKbz+IoIdYLxrKim2MjW0Q==}

  aws-sign2@0.7.0:
    resolution: {integrity: sha512-08kcGqnYf/YmjoRhfxyu+CLxBjUtHLXLXX/vUfx9l2LYzG3c1m61nrpyFUZI6zeS+Li/wWMMidD9KgrqtGq3mA==}

  aws4@1.13.2:
    resolution: {integrity: sha512-lHe62zvbTB5eEABUVi/AwVh0ZKY9rMMDhmm+eeyuuUQbQ3+J+fONVQOZyj+DdrvD4BY33uYniyRJ4UJIaSKAfw==}

  bcrypt-pbkdf@1.0.2:
    resolution: {integrity: sha512-qeFIXtP4MSoi6NLqO12WfqARWWuCKi2Rn/9hJLEmtB5yTNr9DqFWkJRCf2qShWzPeAMRnOgCrq0sg/KLv5ES9w==}

  caseless@0.12.0:
    resolution: {integrity: sha512-4tYFyifaFfGacoiObjJegolkwSU4xQNGbVgUiNYVUxbQ2x2lUsFvY4hVgVzGiIe6WLOPqycWXA40l+PWsxthUw==}

  combined-stream@1.0.8:
    resolution: {integrity: sha512-FQN4MRfuJeHf7cBbBMJFXhKSDq+2kAArBlmRBvcvFE5BB1HZKXtSFASDhdlz9zOYwxh8lDdnvmMOe/+5cdoEdg==}
    engines: {node: '>= 0.8'}

  content-type-parser@1.0.2:
    resolution: {integrity: sha512-lM4l4CnMEwOLHAHr/P6MEZwZFPJFtAAKgL6pogbXmVZggIqXhdB6RbBtPOTsw2FcXwYhehRGERJmRrjOiIB8pQ==}
    deprecated: Use whatwg-mimetype instead

  core-util-is@1.0.2:
    resolution: {integrity: sha512-3lqz5YjWTYnW6dlDa5TLaTCcShfar1e40rmcJVwCBJC6mWlFuj0eCHIElmG1g5kyuJ/GD+8Wn4FFCcz4gJPfaQ==}

  cssom@0.3.8:
    resolution: {integrity: sha512-b0tGHbfegbhPJpxpiBPU2sCkigAqtM9O121le6bbOlgyV+NyGyCmVfJ6QW9eRjz8CpNfWEOYBIMIGRYkLwsIYg==}

  cssstyle@0.2.37:
    resolution: {integrity: sha512-FUpKc+1FNBsHUr9IsfSGCovr8VuGOiiuzlgCyppKBjJi2jYTOFLN3oiiNRMIvYqbFzF38mqKj4BgcevzU5/kIA==}

  dashdash@1.14.1:
    resolution: {integrity: sha512-jRFi8UDGo6j+odZiEpjazZaWqEal3w/basFjQHQEwVtZJGDpxbH1MeYluwCS8Xq5wmLJooDlMgvVarmWfGM44g==}
    engines: {node: '>=0.10'}

  deep-is@0.1.4:
    resolution: {integrity: sha512-oIPzksmTg4/MriiaYGO+okXDT7ztn/w3Eptv/+gSIdMdKsJo0u4CfYNFJPy+4SKMuCqGw2wxnA+URMg3t8a/bQ==}

  delayed-stream@1.0.0:
    resolution: {integrity: sha512-ZySD7Nf91aLB0RxL4KGrKHBXl7Eds1DAmEdcoVawXnLD7SDhpNgtuII2aAkg7a7QS41jxPSZ17p4VdGnMHk3MQ==}
    engines: {node: '>=0.4.0'}

  diff@7.0.0:
    resolution: {integrity: sha512-PJWHUb1RFevKCwaFA9RlG5tCd+FO5iRh9A8HEtkmBH2Li03iJriB6m6JIN4rGz3K3JLawI7/veA1xzRKP6ISBw==}
    engines: {node: '>=0.3.1'}

  earcut@3.0.2:
    resolution: {integrity: sha512-X7hshQbLyMJ/3RPhyObLARM2sNxxmRALLKx1+NVFFnQ9gKzmCrxm9+uLIAdBcvc8FNLpctqlQ2V6AE92Ol9UDQ==}

  ecc-jsbn@0.1.2:
    resolution: {integrity: sha512-eh9O+hwRHNbG4BLTjEl3nw044CkGm5X6LoaCf7LPp7UU8Qrt47JYNi6nPX8xjW97TKGKm1ouctg0QSpZe9qrnw==}

  escodegen@1.14.3:
    resolution: {integrity: sha512-qFcX0XJkdg+PB3xjZZG/wKSuT1PnQWx57+TVSjIMmILd2yC/6ByYElPwJnslDsuWuSAp4AwJGumarAAmJch5Kw==}
    engines: {node: '>=4.0'}
    hasBin: true

  esprima@4.0.1:
    resolution: {integrity: sha512-eGuFFw7Upda+g4p+QHvnW0RyTX/SVeJBDM/gCtMARO0cLuT2HcEKnTPvhjV6aGeqrCB/sbNop0Kszm0jsaWU4A==}
    engines: {node: '>=4'}
    hasBin: true

  estraverse@4.3.0:
    resolution: {integrity: sha512-39nnKffWz8xN1BU/2c79n9nB9HDzo0niYUqx6xyqUnyoAnQyyWpOTdZEeiCch8BBu515t4wp9ZmgVfVhn9EBpw==}
    engines: {node: '>=4.0'}

  esutils@2.0.3:
    resolution: {integrity: sha512-kVscqXk4OCp68SZ0dkgEKVi6/8ij300KBWTJq32P/dYeWTSwK41WyTxalN1eRmA5Z9UU/LX9D7FWSmV9SAYx6g==}
    engines: {node: '>=0.10.0'}

  extend@3.0.2:
    resolution: {integrity: sha512-fjquC59cD7CyW6urNXK0FBufkZcoiGG80wTuPujX590cB5Ttln20E2UB4S/WARVqhXffZl2LNgS+gQdPIIim/g==}

  extsprintf@1.3.0:
    resolution: {integrity: sha512-11Ndz7Nv+mvAC1j0ktTa7fAb0vLyGGX+rMHNBYQviQDGU0Hw7lhctJANqbPhu9nV9/izT/IntTgZ7Im/9LJs9g==}
    engines: {'0': node >=0.6.0}

  fast-deep-equal@3.1.3:
    resolution: {integrity: sha512-f3qQ9oQy9j2AhBe/H9VC91wLmKBCCU/gDOnKNAYG5hswO7BLKj09Hc5HYNz9cGI++xlpDCIgDaitVs03ATR84Q==}

  fast-json-stable-stringify@2.1.0:
    resolution: {integrity: sha512-lhd/wF+Lk98HZoTCtlVraHtfh5XYijIjalXck7saUtuanSDyLMxnHhSXEDJqHxD7msR8D0uCmqlkwjCV8xvwHw==}

  fast-levenshtein@2.0.6:
    resolution: {integrity: sha512-DCXu6Ifhqcks7TZKY3Hxp3y6qphY5SJZmrWMDrKcERSOXWQdMhU9Ig/PYrzyw/ul9jOIyh0N4M0tbC5hodg8dw==}

  forever-agent@0.6.1:
    resolution: {integrity: sha512-j0KLYPhm6zeac4lz3oJ3o65qvgQCcPubiyotZrXqEaG4hNagNYO8qdlUrX5vwqv9ohqeT/Z3j6+yW067yWWdUw==}

  form-data@2.3.3:
    resolution: {integrity: sha512-1lLKB2Mu3aGP1Q/2eCOx0fNbRMe7XdwktwOruhfqqd0rIJWwN4Dh+E3hrPSlDCXnSR7UtZ1N38rVXm+6+MEhJQ==}
    engines: {node: '>= 0.12'}

  geojson-vt@4.0.2:
    resolution: {integrity: sha512-AV9ROqlNqoZEIJGfm1ncNjEXfkz2hdFlZf0qkVfmkwdKa8vj7H16YUOT81rJw1rdFhyEDlN2Tds91p/glzbl5A==}

  get-stream@6.0.1:
    resolution: {integrity: sha512-ts6Wi+2j3jQjqi70w5AlN8DFnkSwC+MqmxEzdEALB2qXZYV3X/b1CTfgPLGJNMeAWxdPfU8FO1ms3NUfaHCPYg==}
    engines: {node: '>=10'}

  getpass@0.1.7:
    resolution: {integrity: sha512-0fzj9JxOLfJ+XGLhR8ze3unN0KZCgZwiSSDz168VERjK8Wl8kVSdcu2kspd4s4wtAa1y/qrVRiAA0WclVsu0ng==}

  gl-matrix@3.4.4:
    resolution: {integrity: sha512-latSnyDNt/8zYUB6VIJ6PCh2jBjJX6gnDsoCZ7LyW7GkqrD51EWwa9qCoGixj8YqBtETQK/xY7OmpTF8xz1DdQ==}

  har-schema@2.0.0:
    resolution: {integrity: sha512-Oqluz6zhGX8cyRaTQlFMPw80bSJVG2x/cFb8ZPhUILGgHka9SsokCCOQgpveePerqidZOrT14ipqfJb7ILcW5Q==}
    engines: {node: '>=4'}

  har-validator@5.1.5:
    resolution: {integrity: sha512-nmT2T0lljbxdQZfspsno9hgrG3Uir6Ks5afism62poxqBM6sDnMEuPmzTq8XN0OEwqKLLdh1jQI3qyE66Nzb3w==}
    engines: {node: '>=6'}
    deprecated: this library is no longer supported

  has-flag@4.0.0:
    resolution: {integrity: sha512-EykJT/Q1KjTWctppgIAgfSO0tKVuZUjhgMr17kqTumMl6Afv3EISleU7qZUzoXDFTAHTDC4NOoG/ZxU3EvlMPQ==}
    engines: {node: '>=8'}

  html-encoding-sniffer@1.0.2:
    resolution: {integrity: sha512-71lZziiDnsuabfdYiUeWdCVyKuqwWi23L8YeIgV9jSSZHCtb6wB1BKWooH7L3tn4/FuZJMVWyNaIDr4RGmaSYw==}

  http-signature@1.2.0:
    resolution: {integrity: sha512-CAbnr6Rz4CYQkLYUtSNXxQPUH2gK8f3iWexVlsnMeD+GjlsQ0Xsy1cOX+mN3dtxYomRy21CiOzU8Uhw6OwncEQ==}
    engines: {node: '>=0.8', npm: '>=1.3.7'}

  iconv-lite@0.4.24:
    resolution: {integrity: sha512-v3MXnZAcvnywkTUEZomIActle7RXXeedOR31wwl7VlyoXO4Qi9arvSenNQWne1TcRwhCL1HwLI21bEqdpj8/rA==}
    engines: {node: '>=0.10.0'}

  is-typedarray@1.0.0:
    resolution: {integrity: sha512-cyA56iCMHAh5CdzjJIa4aohJyeO1YbwLi3Jc35MmRU6poroFjIGZzUzupGiRPOjgHg9TLu43xbpwXk523fMxKA==}

  isstream@0.1.2:
    resolution: {integrity: sha512-Yljz7ffyPbrLpLngrMtZ7NduUgVvi6wG9RJ9IUcyCd59YQ911PBJphODUcbOVbqYfxe1wuYf/LJ8PauMRwsM/g==}

  jsbn@0.1.1:
    resolution: {integrity: sha512-UVU9dibq2JcFWxQPA6KCqj5O42VOmAY3zQUfEKxU0KpTGXwNoCjkX1e13eHNvw/xPynt6pU0rZ1htjWTNTSXsg==}

  jsdom@9.12.0:
    resolution: {integrity: sha512-Qw4oqNxo4LyzkSqVIyCnEltTc4xV3g1GBaI88AvYTesWzmWHUSoMNmhBjUBa+6ldXIBJS9xoeLNJPfUAykTyxw==}

  json-schema-traverse@0.4.1:
    resolution: {integrity: sha512-xbbCH5dCYU5T8LcEhhuh7HJ88HXuW3qsI3Y0zOZFKfZEHcpWiHU/Jxzk629Brsab/mMiHQti9wMP+845RPe3Vg==}

  json-schema@0.4.0:
    resolution: {integrity: sha512-es94M3nTIfsEPisRafak+HDLfHXnKBhV3vU5eqPcS3flIWqcxJWgXHXiey3YrpaNsanY5ei1VoYEbOzijuq9BA==}

  json-stringify-pretty-compact@4.0.0:
    resolution: {integrity: sha512-3CNZ2DnrpByG9Nqj6Xo8vqbjT4F6N+tb4Gb28ESAZjYZ5yqvmc56J+/kuIwkaAMOyblTQhUW7PxMkUb8Q36N3Q==}

  json-stringify-safe@5.0.1:
    resolution: {integrity: sha512-ZClg6AaYvamvYEE82d3Iyd3vSSIjQ+odgjaTzRuO3s7toCdFKczob2i0zCh7JE8kWn17yvAWhUVxvqGwUalsRA==}

  jsprim@1.4.2:
    resolution: {integrity: sha512-P2bSOMAc/ciLz6DzgjVlGJP9+BrJWu5UDGK70C2iweC5QBIeFf0ZXRvGjEj2uYgrY2MkAAhsSWHDWlFtEroZWw==}
    engines: {node: '>=0.6.0'}

  kdbush@4.0.2:
    resolution: {integrity: sha512-WbCVYJ27Sz8zi9Q7Q0xHC+05iwkm3Znipc2XTlrnJbsHMYktW4hPhXUE8Ys1engBrvffoSCqbil1JQAa7clRpA==}

  levn@0.3.0:
    resolution: {integrity: sha512-0OO4y2iOHix2W6ujICbKIaEQXvFQHue65vUG3pb5EUomzPI90z9hsA1VsO/dbIIpC53J8gxM9Q4Oho0jrCM/yA==}
    engines: {node: '>= 0.8.0'}

  lodash@4.17.21:
    resolution: {integrity: sha512-v2kDEe57lecTulaDIuNTPy3Ry4gLGJ6Z1O3vE1krgXZNrsQ+LFTGHVxVjcXPs17LhbZVGedAJv8XZ1tvj5FvSg==}

  maplibre-gl@5.7.1:
    resolution: {integrity: sha512-iCOQB6W/EGgQx8aU4SyfU5a5/GR2E+ELF92NMsqYfs3x+vnY+8mARmz4gor6XZHCz3tv19mnotVDRlRTMNKyGw==}
    engines: {node: '>=16.14.0', npm: '>=8.1.0'}

  mime-db@1.52.0:
    resolution: {integrity: sha512-sPU4uV7dYlvtWJxwwxHD0PuihVNiE7TyAbQ5SWxDCB9mUYvOgroQOwYQQOKPJ8CIbE+1ETVlOoK1UC2nU3gYvg==}
    engines: {node: '>= 0.6'}

  mime-types@2.1.35:
    resolution: {integrity: sha512-ZDY+bPm5zTTF+YpCrAU9nK0UgICYPT0QtT1NZWFv4s++TNkcgVaT0g6+4R2uI4MjQjzysHB1zxuWL50hzaeXiw==}
    engines: {node: '>= 0.6'}

  minimist@1.2.8:
    resolution: {integrity: sha512-2yyAR8qBkN3YuheJanUpWC5U3bb5osDywNB8RzDVlDwDHbocAJveqqj1u8+SVD7jkWT4yvsHCpWqqWqAxb0zCA==}

  mock-browser@0.92.14:
    resolution: {integrity: sha512-vOxYCpJUP34VwWHgVra8Ux5dNeS3OoDdk7HFjoGXmxwcIf+E9ap9eReJX5Rh8D09YgcONwacW9SwIPQaXnvsXw==}

  murmurhash-js@1.0.0:
    resolution: {integrity: sha512-TvmkNhkv8yct0SVBSy+o8wYzXjE4Zz3PCesbfs8HiCXXdcTuocApFv11UWlNFWKYsP2okqrhb7JNlSm9InBhIw==}

  nanoid@5.1.5:
    resolution: {integrity: sha512-Ir/+ZpE9fDsNH0hQ3C68uyThDXzYcim2EqcZ8zn8Chtt1iylPT9xXJB0kPCnqzgcEGikO9RxSrh63MsmVCU7Fw==}
    engines: {node: ^18 || >=20}
    hasBin: true

  nwmatcher@1.4.4:
    resolution: {integrity: sha512-3iuY4N5dhgMpCUrOVnuAdGrgxVqV2cJpM+XNccjR2DKOB1RUP0aA+wGXEiNziG/UKboFyGBIoKOaNlJxx8bciQ==}

  oauth-sign@0.9.0:
    resolution: {integrity: sha512-fexhUFFPTGV8ybAtSIGbV6gOkSv8UtRbDBnAyLQw4QPKkgNlsH2ByPGtMUqdWkos6YCRmAqViwgZrJc/mRDzZQ==}

  optionator@0.8.3:
    resolution: {integrity: sha512-+IW9pACdk3XWmmTXG8m3upGUJst5XRGzxMRjXzAuJ1XnIFNvfhjjIuYkDvysnPQ7qzqVzLt78BCruntqRhWQbA==}
    engines: {node: '>= 0.8.0'}

  parse5@1.5.1:
    resolution: {integrity: sha512-w2jx/0tJzvgKwZa58sj2vAYq/S/K1QJfIB3cWYea/Iu1scFPDQQ3IQiVZTHWtRBwAjv2Yd7S/xeZf3XqLDb3bA==}

  pbf@4.0.1:
    resolution: {integrity: sha512-SuLdBvS42z33m8ejRbInMapQe8n0D3vN/Xd5fmWM3tufNgRQFBpaW2YVJxQZV4iPNqb0vEFvssMEo5w9c6BTIA==}
    hasBin: true

  performance-now@2.1.0:
    resolution: {integrity: sha512-7EAHlyLHI56VEIdK57uwHdHKIaAGbnXPiw0yWbarQZOKaKpvUIgW0jWRVLiatnM+XXlSwsanIBH/hzGMJulMow==}

  potpack@2.1.0:
    resolution: {integrity: sha512-pcaShQc1Shq0y+E7GqJqvZj8DTthWV1KeHGdi0Z6IAin2Oi3JnLCOfwnCo84qc+HAp52wT9nK9H7FAJp5a44GQ==}

  prelude-ls@1.1.2:
    resolution: {integrity: sha512-ESF23V4SKG6lVSGZgYNpbsiaAkdab6ZgOxe52p7+Kid3W3u3bxR4Vfd/o21dmN7jSt0IwgZ4v5MUd26FEtXE9w==}
    engines: {node: '>= 0.8.0'}

  protocol-buffers-schema@3.6.0:
    resolution: {integrity: sha512-TdDRD+/QNdrCGCE7v8340QyuXd4kIWIgapsE2+n/SaGiSSbomYl4TjHlvIoCWRpE7wFt02EpB35VVA2ImcBVqw==}

  psl@1.15.0:
    resolution: {integrity: sha512-JZd3gMVBAVQkSs6HdNZo9Sdo0LNcQeMNP3CozBJb3JYC/QUYZTnKxP+f8oWRX4rHP5EurWxqAHTSwUCjlNKa1w==}

  punycode@2.3.1:
    resolution: {integrity: sha512-vYt7UD1U9Wg6138shLtLOvdAu+8DsC/ilFtEVHcH+wydcSpNE20AfSOduf6MkRFahL5FY7X1oU7nKVZFtfq8Fg==}
    engines: {node: '>=6'}

  qs@6.5.3:
    resolution: {integrity: sha512-qxXIEh4pCGfHICj1mAJQ2/2XVZkjCDTcEgfoSQxc/fYivUZxTkk7L3bDBJSoNrEzXI17oUO5Dp07ktqE5KzczA==}
    engines: {node: '>=0.6'}

  quickselect@3.0.0:
    resolution: {integrity: sha512-XdjUArbK4Bm5fLLvlm5KpTFOiOThgfWWI4axAZDWg4E/0mKdZyI9tNEfds27qCi1ze/vwTR16kvmmGhRra3c2g==}

  request@2.88.2:
    resolution: {integrity: sha512-MsvtOrfG9ZcrOwAW+Qi+F6HbD0CWXEh9ou77uOb7FM2WPhwT7smM833PzanhJLsgXjN89Ir6V2PczXNnMpwKhw==}
    engines: {node: '>= 6'}
    deprecated: request has been deprecated, see https://github.com/request/request/issues/3142

  resolve-protobuf-schema@2.1.0:
    resolution: {integrity: sha512-kI5ffTiZWmJaS/huM8wZfEMer1eRd7oJQhDuxeCLe3t7N7mX3z94CN0xPxBQxFYQTSNz9T0i+v6inKqSdK8xrQ==}

  rw@1.3.3:
    resolution: {integrity: sha512-PdhdWy89SiZogBLaw42zdeqtRJ//zFd2PgQavcICDUgJT5oW10QCRKbJ6bg4r0/UY2M6BWd5tkxuGFRvCkgfHQ==}

  safe-buffer@5.2.1:
    resolution: {integrity: sha512-rp3So07KcdmmKbGvgaNxQSJr7bGVSVk5S9Eq1F+ppbRo70+YeaDxkw5Dd8NPN+GD6bjnYm2VuPuCXmpuYvmCXQ==}

  safer-buffer@2.1.2:
    resolution: {integrity: sha512-YZo3K82SD7Riyi0E1EQPojLz7kpepnSQI9IyPbHHg1XXXevb5dJI7tpyN2ADxGcQbHG7vcyRHk0cbwqcQriUtg==}

  sax@1.4.1:
    resolution: {integrity: sha512-+aWOz7yVScEGoKNd4PA10LZ8sk0A/z5+nXQG5giUO5rprX9jgYsTdov9qCchZiPIZezbZH+jRut8nPodFAX4Jg==}

  sinon@21.0.0:
    resolution: {integrity: sha512-TOgRcwFPbfGtpqvZw+hyqJDvqfapr1qUlOizROIk4bBLjlsjlB00Pg6wMFXNtJRpu+eCZuVOaLatG7M8105kAw==}

  source-map@0.6.1:
    resolution: {integrity: sha512-UjgapumWlbMhkBgzT7Ykc5YXUT46F0iKu8SGXq0bcwP5dz/h0Plj6enJqjz1Zbq2l5WaqYnrVbwWOWMyF3F47g==}
    engines: {node: '>=0.10.0'}

  sshpk@1.18.0:
    resolution: {integrity: sha512-2p2KJZTSqQ/I3+HX42EpYOa2l3f8Erv8MWKsy2I9uf4wA7yFIkXRffYdsx86y6z4vHtV8u7g+pPlr8/4ouAxsQ==}
    engines: {node: '>=0.10.0'}
    hasBin: true

  supercluster@8.0.1:
    resolution: {integrity: sha512-IiOea5kJ9iqzD2t7QJq/cREyLHTtSmUT6gQsweojg9WH2sYJqZK9SswTu6jrscO6D1G5v5vYZ9ru/eq85lXeZQ==}

  supports-color@7.2.0:
    resolution: {integrity: sha512-qpCAvRl9stuOHveKsn7HncJRvv501qIacKzQlO/+Lwxc9+0q2wLyv4Dfvt80/DPn2pqOBsJdDiogXGR9+OvwRw==}
    engines: {node: '>=8'}

  symbol-tree@3.2.4:
    resolution: {integrity: sha512-9QNk5KwDF+Bvz+PyObkmSYjI5ksVUYtjW7AU22r2NKcfLJcXp96hkDWU3+XndOsUb+AQ9QhfzfCT2O+CNWT5Tw==}

  synthetic-dom-events@0.3.0:
    resolution: {integrity: sha512-Di6PEe7CVuzh1NxF9hSnbzb2dXXqaRZHcXjpKA4yxTBA4VOLlFuttXACYS44pMkcc5Gp8VqSd75XUPgM1KbncQ==}

  tinyqueue@3.0.0:
    resolution: {integrity: sha512-gRa9gwYU3ECmQYv3lslts5hxuIa90veaEcxDYuu3QGOIAEM2mOZkVHp48ANJuu1CURtRdHKUBY5Lm1tHV+sD4g==}

  tough-cookie@2.5.0:
    resolution: {integrity: sha512-nlLsUzgm1kfLXSXfRZMc1KLAugd4hqJHDTvc2hDIwS3mZAfMEuMbc03SujMF+GEcpaX/qboeycw6iO8JwVv2+g==}
    engines: {node: '>=0.8'}

  tr46@0.0.3:
    resolution: {integrity: sha512-N3WMsuqV66lT30CrXNbEjx4GEwlow3v6rr4mCcv6prnfwhS01rkgyFdjPNBYd9br7LpXV1+Emh01fHnq2Gdgrw==}

  tslib@2.8.1:
    resolution: {integrity: sha512-oJFu94HQb+KVduSUQL7wnpmqnfmLsOA/nAh6b6EH0wCEoK0/mPeXU6c3wKDV83MkOuHPRHtSXKKU99IBazS/2w==}

  tunnel-agent@0.6.0:
    resolution: {integrity: sha512-McnNiV1l8RYeY8tBgEpuodCC1mLUdbSN+CYBL7kJsJNInOP8UjDDEwdk6Mw60vdLLrr5NHKZhMAOSrR2NZuQ+w==}

  tweetnacl@0.14.5:
    resolution: {integrity: sha512-KXXFFdAbFXY4geFIwoyNK+f5Z1b7swfXABfL7HXCmoIWMKU3dmS26672A4EeQtDzLKy7SXmfBu51JolvEKwtGA==}

  type-check@0.3.2:
    resolution: {integrity: sha512-ZCmOJdvOWDBYJlzAoFkC+Q0+bUyEOS1ltgp1MGU03fqHG+dbi9tBFU2Rd9QKiDZFAYrhPh2JUf7rZRIuHRKtOg==}
    engines: {node: '>= 0.8.0'}

  type-detect@4.0.8:
    resolution: {integrity: sha512-0fr/mIH1dlO+x7TlcMy+bIDqKPsw/70tVyeHW787goQjhmqaZe10uwLujubK9q9Lg6Fiho1KUKDYz0Z7k7g5/g==}
    engines: {node: '>=4'}

  type-detect@4.1.0:
    resolution: {integrity: sha512-Acylog8/luQ8L7il+geoSxhEkazvkslg7PSNKOX59mbB9cOveP5aq9h74Y7YU8yDpJwetzQQrfIwtf4Wp4LKcw==}
    engines: {node: '>=4'}

  undici-types@6.21.0:
    resolution: {integrity: sha512-iwDZqg0QAGrg9Rav5H4n0M64c3mkR59cJ6wQp+7C4nI0gsmExaedaYLNO44eT4AtBBwjbTiGPMlt2Md0T9H9JQ==}

  uri-js@4.4.1:
    resolution: {integrity: sha512-7rKUyy33Q1yc98pQ1DAmLtwX109F7TIfWlW1Ydo8Wl1ii1SeHieeh0HHfPeL2fMXK6z0s8ecKs9frCuLJvndBg==}

  uuid@3.4.0:
    resolution: {integrity: sha512-HjSDRw6gZE5JMggctHBcjVak08+KEVhSIiDzFnT9S9aegmp85S/bReBVTb4QTFaRNptJ9kuYaNhnbNEOkbKb/A==}
    deprecated: Please upgrade  to version 7 or higher.  Older versions may use Math.random() in certain circumstances, which is known to be problematic.  See https://v8.dev/blog/math-random for details.
    hasBin: true

  verror@1.10.0:
    resolution: {integrity: sha512-ZZKSmDAEFOijERBLkmYfJ+vmk3w+7hOLYDNkRCuRuMJGEmqYNCNLyBBFwWKVMhfwaEF3WOd0Zlw86U/WC/+nYw==}
    engines: {'0': node >=0.6.0}

  webidl-conversions@3.0.1:
    resolution: {integrity: sha512-2JAn3z8AR6rjK8Sm8orRC0h/bcl/DqL7tRPdGZ4I1CjdF+EaMLmYxBHyXuKL849eucPFhvBoxMsflfOb8kxaeQ==}

  webidl-conversions@4.0.2:
    resolution: {integrity: sha512-YQ+BmxuTgd6UXZW3+ICGfyqRyHXVlD5GtQr5+qjiNW7bF0cqrzX500HVXPBOvgXb5YnzDd+h0zqyv61KUD7+Sg==}

  wgs84@0.0.0:
    resolution: {integrity: sha512-ANHlY4Rb5kHw40D0NJ6moaVfOCMrp9Gpd1R/AIQYg2ko4/jzcJ+TVXYYF6kXJqQwITvEZP4yEthjM7U6rYlljQ==}

  whatwg-encoding@1.0.5:
    resolution: {integrity: sha512-b5lim54JOPN9HtzvK9HFXvBma/rnfFeqsic0hSpjtDbVxR3dJKLc+KB4V6GgiGOvl7CY/KNh8rxSo9DKQrnUEw==}

  whatwg-url@4.8.0:
    resolution: {integrity: sha512-nUvUPuenPFtPfy/X+dAYh/TfRbTBlnXTM5iIfLseJFkkQewmpG9pGR6i87E9qL+lZaJzv+99kkQWoGOtLfkZQQ==}

  word-wrap@1.2.5:
    resolution: {integrity: sha512-BN22B5eaMMI9UMtjrGd5g5eCYPpCPDUy0FJXbYsaT5zYxjFOckS53SQDE3pWkVoWpHXVb3BrYcEN4Twa55B5cA==}
    engines: {node: '>=0.10.0'}

  xml-name-validator@2.0.1:
    resolution: {integrity: sha512-jRKe/iQYMyVJpzPH+3HL97Lgu5HrCfii+qSo+TfjKHtOnvbnvdVfMYrn9Q34YV81M2e5sviJlI6Ko9y+nByzvA==}

snapshots:

  '@mapbox/geojson-area@0.2.2':
    dependencies:
      wgs84: 0.0.0

  '@mapbox/geojson-normalize@0.0.1': {}

  '@mapbox/geojson-rewind@0.5.2':
    dependencies:
      get-stream: 6.0.1
      minimist: 1.2.8

  '@mapbox/jsonlint-lines-primitives@2.0.2': {}

  '@mapbox/point-geometry@1.1.0': {}

  '@mapbox/tiny-sdf@2.0.7': {}

  '@mapbox/unitbezier@0.0.1': {}

  '@mapbox/vector-tile@2.0.4':
    dependencies:
      '@mapbox/point-geometry': 1.1.0
      '@types/geojson': 7946.0.16
      pbf: 4.0.1

  '@mapbox/whoots-js@3.1.0': {}

  '@maplibre/maplibre-gl-style-spec@23.3.0':
    dependencies:
      '@mapbox/jsonlint-lines-primitives': 2.0.2
      '@mapbox/unitbezier': 0.0.1
      json-stringify-pretty-compact: 4.0.0
      minimist: 1.2.8
      quickselect: 3.0.0
      rw: 1.3.3
      tinyqueue: 3.0.0

  '@maplibre/vt-pbf@4.0.3':
    dependencies:
      '@mapbox/point-geometry': 1.1.0
      '@mapbox/vector-tile': 2.0.4
      '@types/geojson-vt': 3.2.5
      '@types/supercluster': 7.1.3
      geojson-vt: 4.0.2
      pbf: 4.0.1
      supercluster: 8.0.1

  '@sinonjs/commons@3.0.1':
    dependencies:
      type-detect: 4.0.8

  '@sinonjs/fake-timers@13.0.5':
    dependencies:
      '@sinonjs/commons': 3.0.1

  '@sinonjs/samsam@8.0.3':
    dependencies:
      '@sinonjs/commons': 3.0.1
      type-detect: 4.1.0

  '@turf/bbox-clip@7.2.0':
    dependencies:
      '@turf/helpers': 7.2.0
      '@turf/invariant': 7.2.0
      '@types/geojson': 7946.0.16
      tslib: 2.8.1

  '@turf/centroid@7.2.0':
    dependencies:
      '@turf/helpers': 7.2.0
      '@turf/meta': 7.2.0
      '@types/geojson': 7946.0.16
      tslib: 2.8.1

  '@turf/helpers@7.2.0':
    dependencies:
      '@types/geojson': 7946.0.16
      tslib: 2.8.1

  '@turf/invariant@7.2.0':
    dependencies:
      '@turf/helpers': 7.2.0
      '@types/geojson': 7946.0.16
      tslib: 2.8.1

  '@turf/meta@7.2.0':
    dependencies:
      '@turf/helpers': 7.2.0
      '@types/geojson': 7946.0.16

  '@types/geojson-vt@3.2.5':
    dependencies:
      '@types/geojson': 7946.0.16

  '@types/geojson@7946.0.16': {}

  '@types/mapbox__geojson-area@0.2.6':
    dependencies:
      '@types/geojson': 7946.0.16

  '@types/node@20.19.2':
    dependencies:
      undici-types: 6.21.0

  '@types/supercluster@7.1.3':
    dependencies:
      '@types/geojson': 7946.0.16

  abab@1.0.4: {}

  acorn-globals@3.1.0:
    dependencies:
      acorn: 4.0.13

  acorn@4.0.13: {}

  ajv@6.12.6:
    dependencies:
      fast-deep-equal: 3.1.3
      fast-json-stable-stringify: 2.1.0
      json-schema-traverse: 0.4.1
      uri-js: 4.4.1

  array-equal@1.0.2: {}

  asn1@0.2.6:
    dependencies:
      safer-buffer: 2.1.2

  assert-plus@1.0.0: {}

  asynckit@0.4.0: {}

  aws-sign2@0.7.0: {}

  aws4@1.13.2: {}

  bcrypt-pbkdf@1.0.2:
    dependencies:
      tweetnacl: 0.14.5

  caseless@0.12.0: {}

  combined-stream@1.0.8:
    dependencies:
      delayed-stream: 1.0.0

  content-type-parser@1.0.2: {}

  core-util-is@1.0.2: {}

  cssom@0.3.8: {}

  cssstyle@0.2.37:
    dependencies:
      cssom: 0.3.8

  dashdash@1.14.1:
    dependencies:
      assert-plus: 1.0.0

  deep-is@0.1.4: {}

  delayed-stream@1.0.0: {}

  diff@7.0.0: {}

  earcut@3.0.2: {}

  ecc-jsbn@0.1.2:
    dependencies:
      jsbn: 0.1.1
      safer-buffer: 2.1.2

  escodegen@1.14.3:
    dependencies:
      esprima: 4.0.1
      estraverse: 4.3.0
      esutils: 2.0.3
      optionator: 0.8.3
    optionalDependencies:
      source-map: 0.6.1

  esprima@4.0.1: {}

  estraverse@4.3.0: {}

  esutils@2.0.3: {}

  extend@3.0.2: {}

  extsprintf@1.3.0: {}

  fast-deep-equal@3.1.3: {}

  fast-json-stable-stringify@2.1.0: {}

  fast-levenshtein@2.0.6: {}

  forever-agent@0.6.1: {}

  form-data@2.3.3:
    dependencies:
      asynckit: 0.4.0
      combined-stream: 1.0.8
      mime-types: 2.1.35

  geojson-vt@4.0.2: {}

  get-stream@6.0.1: {}

  getpass@0.1.7:
    dependencies:
      assert-plus: 1.0.0

  gl-matrix@3.4.4: {}

  har-schema@2.0.0: {}

  har-validator@5.1.5:
    dependencies:
      ajv: 6.12.6
      har-schema: 2.0.0

  has-flag@4.0.0: {}

  html-encoding-sniffer@1.0.2:
    dependencies:
      whatwg-encoding: 1.0.5

  http-signature@1.2.0:
    dependencies:
      assert-plus: 1.0.0
      jsprim: 1.4.2
      sshpk: 1.18.0

  iconv-lite@0.4.24:
    dependencies:
      safer-buffer: 2.1.2

  is-typedarray@1.0.0: {}

  isstream@0.1.2: {}

  jsbn@0.1.1: {}

  jsdom@9.12.0:
    dependencies:
      abab: 1.0.4
      acorn: 4.0.13
      acorn-globals: 3.1.0
      array-equal: 1.0.2
      content-type-parser: 1.0.2
      cssom: 0.3.8
      cssstyle: 0.2.37
      escodegen: 1.14.3
      html-encoding-sniffer: 1.0.2
      nwmatcher: 1.4.4
      parse5: 1.5.1
      request: 2.88.2
      sax: 1.4.1
      symbol-tree: 3.2.4
      tough-cookie: 2.5.0
      webidl-conversions: 4.0.2
      whatwg-encoding: 1.0.5
      whatwg-url: 4.8.0
      xml-name-validator: 2.0.1

  json-schema-traverse@0.4.1: {}

  json-schema@0.4.0: {}

  json-stringify-pretty-compact@4.0.0: {}

  json-stringify-safe@5.0.1: {}

  jsprim@1.4.2:
    dependencies:
      assert-plus: 1.0.0
      extsprintf: 1.3.0
      json-schema: 0.4.0
      verror: 1.10.0

  kdbush@4.0.2: {}

  levn@0.3.0:
    dependencies:
      prelude-ls: 1.1.2
      type-check: 0.3.2

  lodash@4.17.21: {}

  maplibre-gl@5.7.1:
    dependencies:
      '@mapbox/geojson-rewind': 0.5.2
      '@mapbox/jsonlint-lines-primitives': 2.0.2
      '@mapbox/point-geometry': 1.1.0
      '@mapbox/tiny-sdf': 2.0.7
      '@mapbox/unitbezier': 0.0.1
      '@mapbox/vector-tile': 2.0.4
      '@mapbox/whoots-js': 3.1.0
      '@maplibre/maplibre-gl-style-spec': 23.3.0
      '@maplibre/vt-pbf': 4.0.3
      '@types/geojson': 7946.0.16
      '@types/geojson-vt': 3.2.5
      '@types/supercluster': 7.1.3
      earcut: 3.0.2
      geojson-vt: 4.0.2
      gl-matrix: 3.4.4
      kdbush: 4.0.2
      murmurhash-js: 1.0.0
      pbf: 4.0.1
      potpack: 2.1.0
      quickselect: 3.0.0
      supercluster: 8.0.1
      tinyqueue: 3.0.0

  mime-db@1.52.0: {}

  mime-types@2.1.35:
    dependencies:
      mime-db: 1.52.0

  minimist@1.2.8: {}

  mock-browser@0.92.14:
    dependencies:
      jsdom: 9.12.0
      lodash: 4.17.21

  murmurhash-js@1.0.0: {}

  nanoid@5.1.5: {}

  nwmatcher@1.4.4: {}

  oauth-sign@0.9.0: {}

  optionator@0.8.3:
    dependencies:
      deep-is: 0.1.4
      fast-levenshtein: 2.0.6
      levn: 0.3.0
      prelude-ls: 1.1.2
      type-check: 0.3.2
      word-wrap: 1.2.5

  parse5@1.5.1: {}

  pbf@4.0.1:
    dependencies:
      resolve-protobuf-schema: 2.1.0

  performance-now@2.1.0: {}

  potpack@2.1.0: {}

  prelude-ls@1.1.2: {}

  protocol-buffers-schema@3.6.0: {}

  psl@1.15.0:
    dependencies:
      punycode: 2.3.1

  punycode@2.3.1: {}

  qs@6.5.3: {}

  quickselect@3.0.0: {}

  request@2.88.2:
    dependencies:
      aws-sign2: 0.7.0
      aws4: 1.13.2
      caseless: 0.12.0
      combined-stream: 1.0.8
      extend: 3.0.2
      forever-agent: 0.6.1
      form-data: 2.3.3
      har-validator: 5.1.5
      http-signature: 1.2.0
      is-typedarray: 1.0.0
      isstream: 0.1.2
      json-stringify-safe: 5.0.1
      mime-types: 2.1.35
      oauth-sign: 0.9.0
      performance-now: 2.1.0
      qs: 6.5.3
      safe-buffer: 5.2.1
      tough-cookie: 2.5.0
      tunnel-agent: 0.6.0
      uuid: 3.4.0

  resolve-protobuf-schema@2.1.0:
    dependencies:
      protocol-buffers-schema: 3.6.0

  rw@1.3.3: {}

  safe-buffer@5.2.1: {}

  safer-buffer@2.1.2: {}

  sax@1.4.1: {}

  sinon@21.0.0:
    dependencies:
      '@sinonjs/commons': 3.0.1
      '@sinonjs/fake-timers': 13.0.5
      '@sinonjs/samsam': 8.0.3
      diff: 7.0.0
      supports-color: 7.2.0

  source-map@0.6.1:
    optional: true

  sshpk@1.18.0:
    dependencies:
      asn1: 0.2.6
      assert-plus: 1.0.0
      bcrypt-pbkdf: 1.0.2
      dashdash: 1.14.1
      ecc-jsbn: 0.1.2
      getpass: 0.1.7
      jsbn: 0.1.1
      safer-buffer: 2.1.2
      tweetnacl: 0.14.5

  supercluster@8.0.1:
    dependencies:
      kdbush: 4.0.2

  supports-color@7.2.0:
    dependencies:
      has-flag: 4.0.0

  symbol-tree@3.2.4: {}

  synthetic-dom-events@0.3.0: {}

  tinyqueue@3.0.0: {}

  tough-cookie@2.5.0:
    dependencies:
      psl: 1.15.0
      punycode: 2.3.1

  tr46@0.0.3: {}

  tslib@2.8.1: {}

  tunnel-agent@0.6.0:
    dependencies:
      safe-buffer: 5.2.1

  tweetnacl@0.14.5: {}

  type-check@0.3.2:
    dependencies:
      prelude-ls: 1.1.2

  type-detect@4.0.8: {}

  type-detect@4.1.0: {}

  undici-types@6.21.0: {}

  uri-js@4.4.1:
    dependencies:
      punycode: 2.3.1

  uuid@3.4.0: {}

  verror@1.10.0:
    dependencies:
      assert-plus: 1.0.0
      core-util-is: 1.0.2
      extsprintf: 1.3.0

  webidl-conversions@3.0.1: {}

  webidl-conversions@4.0.2: {}

  wgs84@0.0.0: {}

  whatwg-encoding@1.0.5:
    dependencies:
      iconv-lite: 0.4.24

  whatwg-url@4.8.0:
    dependencies:
      tr46: 0.0.3
      webidl-conversions: 3.0.1

  word-wrap@1.2.5: {}

  xml-name-validator@2.0.1: {}
